{
  "name": "notify",
  "version": "1.0.0",
  "lockfileVersion": 1,
  "requires": true,
  "dependencies": {
    "emoji-datasource": {
      "version": "4.1.0",
      "resolved": "https://registry.npmjs.org/emoji-datasource/-/emoji-datasource-4.1.0.tgz",
      "integrity": "sha1-tEVX94ot+sLzUDkzkbFwpWfsKK0="
    },
    "emoji-js": {
      "version": "3.5.0",
      "resolved": "https://registry.npmjs.org/emoji-js/-/emoji-js-3.5.0.tgz",
      "integrity": "sha512-5uaULzdR3g6ALBC8xUzyoxAx6izT1M4+DEsxHLRS2/gaOKC/p62831itMoMsYfUj1fKX3YG01u5YVz2v7qpsWg==",
      "requires": {
        "emoji-datasource": "4.1.0"
      }
    },
    "find-exec": {
      "version": "1.0.1",
      "resolved": "https://registry.npmjs.org/find-exec/-/find-exec-1.0.1.tgz",
      "integrity": "sha512-4o6QkGkpg3xK5s/47rdK9LDZRsE4JR1mrXnaAOXBngG6UKeIDJXfwtNCAkljgyy6VRh75D3FFaB0tii9vDEtIA=="
    },
    "lodash.toarray": {
      "version": "4.4.0",
      "resolved": "https://registry.npmjs.org/lodash.toarray/-/lodash.toarray-4.4.0.tgz",
      "integrity": "sha1-JMS/zWsvuji/0FlNsRedjptlZWE="
    },
    "node-emoji": {
      "version": "1.10.0",
      "resolved": "https://registry.npmjs.org/node-emoji/-/node-emoji-1.10.0.tgz",
      "integrity": "sha512-Yt3384If5H6BYGVHiHwTL+99OzJKHhgp82S8/dktEK73T26BazdgZ4JZh92xSVtGNJvz9UbXdNAc5hcrXV42vw==",
      "requires": {
        "lodash.toarray": "^4.4.0"
      }
    },
    "play-sound": {
      "version": "1.1.3",
      "resolved": "https://registry.npmjs.org/play-sound/-/play-sound-1.1.3.tgz",
      "integrity": "sha512-lqEzgtNAdfg2VUXItOtu5bTyWcqeFmnJmgvc8iHEeEOBEJdurqiGYfmCOzIpSBcwrs7XeSpvHv+Rw9dzRPc4aw==",
      "requires": {
        "find-exec": "1.0.1"
      }
    }
  }
}
